
Microsoft Visual Studio Solution File, Format Version 12.00
# Visual Studio Version 16
VisualStudioVersion = 16.0.29215.179
MinimumVisualStudioVersion = 10.0.40219.1
Project("{9A19103F-16F7-4668-BE54-9A1E7A4F7556}") = "Supermarket.API", "Supermarket.API.csproj", "{D0D5532C-776E-4012-ACA1-BFA711434CCF}"
EndProject
Global
	GlobalSection(SolutionConfigurationPlatforms) = preSolution
		Debug|Any CPU = Debug|Any CPU
		Release|Any CPU = Release|Any CPU
	EndGlobalSection
	GlobalSection(ProjectConfigurationPlatforms) = postSolution
		{D0D5532C-776E-4012-ACA1-BFA711434CCF}.Debug|Any CPU.ActiveCfg = Debug|Any CPU
		{D0D5532C-776E-4012-ACA1-BFA711434CCF}.Debug|Any CPU.Build.0 = Debug|Any CPU
		{D0D5532C-776E-4012-ACA1-BFA711434CCF}.Release|Any CPU.ActiveCfg = Release|Any CPU
		{D0D5532C-776E-4012-ACA1-BFA711434CCF}.Release|Any CPU.Build.0 = Release|Any CPU
	EndGlobalSection
	GlobalSection(SolutionProperties) = preSolution
		HideSolutionNode = FALSE
	EndGlobalSection
	GlobalSection(ExtensibilityGlobals) = postSolution
		SolutionGuid = {58F75B4A-E133-4445-BBDA-CA29F22666CB}
	EndGlobalSection
EndGlobal
